
Microsoft Visual Studio Solution File, Format Version 12.00
# Visual Studio Version 16
VisualStudioVersion = 16.0.28803.156
MinimumVisualStudioVersion = 10.0.40219.1
Project("{9A19103F-16F7-4668-BE54-9A1E7A4F7556}") = "TelegramBotFramework.Core", "TelegramBotFramework.Core\TelegramBotFramework.Core.csproj", "{EB915067-A760-4A6F-A6E8-162F0937891E}"
EndProject
Project("{FAE04EC0-301F-11D3-BF4B-00C04F79EFBC}") = "TelegramBotFramework.Example", "TelegramBotFramework.Example\TelegramBotFramework.Example.csproj", "{E6155836-6831-4909-AB56-4BD34A006D26}"
EndProject
Global
	GlobalSection(SolutionConfigurationPlatforms) = preSolution
		Debug|Any CPU = Debug|Any CPU
		Release|Any CPU = Release|Any CPU
	EndGlobalSection
	GlobalSection(ProjectConfigurationPlatforms) = postSolution
		{EB915067-A760-4A6F-A6E8-162F0937891E}.Debug|Any CPU.ActiveCfg = Debug|Any CPU
		{EB915067-A760-4A6F-A6E8-162F0937891E}.Debug|Any CPU.Build.0 = Debug|Any CPU
		{EB915067-A760-4A6F-A6E8-162F0937891E}.Release|Any CPU.ActiveCfg = Release|Any CPU
		{EB915067-A760-4A6F-A6E8-162F0937891E}.Release|Any CPU.Build.0 = Release|Any CPU
		{E6155836-6831-4909-AB56-4BD34A006D26}.Debug|Any CPU.ActiveCfg = Debug|Any CPU
		{E6155836-6831-4909-AB56-4BD34A006D26}.Debug|Any CPU.Build.0 = Debug|Any CPU
		{E6155836-6831-4909-AB56-4BD34A006D26}.Release|Any CPU.ActiveCfg = Release|Any CPU
		{E6155836-6831-4909-AB56-4BD34A006D26}.Release|Any CPU.Build.0 = Release|Any CPU
	EndGlobalSection
	GlobalSection(SolutionProperties) = preSolution
		HideSolutionNode = FALSE
	EndGlobalSection
	GlobalSection(ExtensibilityGlobals) = postSolution
		SolutionGuid = {C083CF4C-E7F1-4702-A941-5373CBA8CA47}
	EndGlobalSection
EndGlobal
